
Microsoft Visual Studio Solution File, Format Version 12.00
# Visual Studio Version 17
VisualStudioVersion = 17.14.36915.13 d17.14
MinimumVisualStudioVersion = 10.0.40219.1
Project("{FAE04EC0-301F-11D3-BF4B-00C04F79EFBC}") = "Tecprog", "Tecprog.csproj", "{093C51B0-D88F-4A7A-B931-DE7551D3CD95}"
EndProject
Project("{2150E333-8FDC-42A3-9474-1A3956D46DE8}") = "Elementos de la solución", "Elementos de la solución", "{D107F4C8-89CC-BEA8-D3D7-CA6B7733353D}"
	ProjectSection(SolutionItems) = preProject
		Persona.cs = Persona.cs
	EndProjectSection
EndProject
Global
	GlobalSection(SolutionConfigurationPlatforms) = preSolution
		Debug|Any CPU = Debug|Any CPU
		Release|Any CPU = Release|Any CPU
	EndGlobalSection
	GlobalSection(ProjectConfigurationPlatforms) = postSolution
		{093C51B0-D88F-4A7A-B931-DE7551D3CD95}.Debug|Any CPU.ActiveCfg = Debug|Any CPU
		{093C51B0-D88F-4A7A-B931-DE7551D3CD95}.Debug|Any CPU.Build.0 = Debug|Any CPU
		{093C51B0-D88F-4A7A-B931-DE7551D3CD95}.Release|Any CPU.ActiveCfg = Release|Any CPU
		{093C51B0-D88F-4A7A-B931-DE7551D3CD95}.Release|Any CPU.Build.0 = Release|Any CPU
	EndGlobalSection
	GlobalSection(SolutionProperties) = preSolution
		HideSolutionNode = FALSE
	EndGlobalSection
	GlobalSection(ExtensibilityGlobals) = postSolution
		SolutionGuid = {7F68451B-BA98-4E0A-BE75-FBCCD4E59320}
	EndGlobalSection
EndGlobal
